{
  "version": 4,
  "terraform_version": "0.12.26",
  "serial": 21,
  "lineage": "40022d87-4cca-6464-4b1f-102cad558b49",
  "outputs": {},
  "resources": [
    {
      "mode": "data",
      "type": "digitalocean_ssh_key",
      "name": "id_root",
      "provider": "provider.digitalocean",
      "instances": [
        {
          "schema_version": 0,
          "attributes": {
            "fingerprint": "0a:96:a0:5b:92:a5:29:ec:fe:40:3e:00:16:fb:b1:45",
            "id": "28629460",
            "name": "id_root",
            "public_key": "ssh-rsa AAAAB3NzaC1yc2EAAAADAQABAAACAQDELTWfHcuMtMy5pdmimgehbU9SVg/HzBjqiiBxgvYjFlmlgvkTsc1y9yYtG3XZ+niBJ7GofZgivL9aajpQqATMwCJgzI+VU/F6Qdo1oHwHmASPD5QctSwlc0UjG54OCDhXrGbtgDuDWSGw7TDaKHJHCSglH6/4GBl7CVGTyxUMKWH+232q7Nx+b8KlB65SiDG0yPwvfA0+eLI5pgs3my9yt5TWA1GWNFxe+QqkfvyIwhVyBE+jK8DCsxPTRILVLgkvHl384gXjf9kl6QCP1k88qAAhfX7PCmnU/6kLsSJnhIQYaIA3CF+B0kwmdfK01sYbfKw5GwZ9wIjS2ecXuxmwhkv4LMtDeV/Yo+RuC5Z8nOym/VY8IwyrhdA5EpkMy2HUgqNPf9TKm+Jvb5c3lPXeq2IfkXvMjjR8Fmm5MlQqGktiK0b0EtV2j05uYd72zv3Cdx5lIr/iU/lVBaghaJ73Wt7VA7t4utvYmDYnyHEfu3eeIpGmNU6585jEMPepVPSiYdOsDvPkfhNFdIP4oKbB2vWGnJnZeKljP18WpBpMNCFlZb610GXRCglvhjbghODZ9TpMx0nZtaBrEDwKEBq+cDWnVRGdnG3OFvTvOTwM1JZ2c19aYZpkD3K3Jf4+9DYeSHrMJTNCzR8qxMfhfwZlNMwjsUG22GlKiPoJtDf0Bw== root"
          }
        }
      ]
    },
    {
      "mode": "managed",
      "type": "digitalocean_droplet",
      "name": "web_server",
      "each": "list",
      "provider": "provider.digitalocean",
      "instances": [
        {
          "index_key": 0,
          "schema_version": 1,
          "attributes": {
            "backups": false,
            "created_at": "2020-10-03T12:13:39Z",
            "disk": 25,
            "id": "210465970",
            "image": "centos-7-x64",
            "ipv4_address": "159.65.145.188",
            "ipv4_address_private": "10.122.0.4",
            "ipv6": false,
            "ipv6_address": "",
            "ipv6_address_private": null,
            "locked": false,
            "memory": 1024,
            "monitoring": false,
            "name": "web-server-0",
            "price_hourly": 0.00744,
            "price_monthly": 5,
            "private_networking": true,
            "region": "blr1",
            "resize_disk": true,
            "size": "s-1vcpu-1gb",
            "ssh_keys": [
              "28629460"
            ],
            "status": "active",
            "tags": null,
            "urn": "do:droplet:210465970",
            "user_data": null,
            "vcpus": 1,
            "volume_ids": [],
            "vpc_uuid": "7dd93351-0bbf-4197-b1f7-4ef38d7524af"
          },
          "private": "eyJzY2hlbWFfdmVyc2lvbiI6IjEifQ=="
        },
        {
          "index_key": 1,
          "schema_version": 1,
          "attributes": {
            "backups": false,
            "created_at": "2020-10-03T12:13:39Z",
            "disk": 25,
            "id": "210465968",
            "image": "centos-7-x64",
            "ipv4_address": "139.59.31.85",
            "ipv4_address_private": "10.122.0.3",
            "ipv6": false,
            "ipv6_address": "",
            "ipv6_address_private": null,
            "locked": false,
            "memory": 1024,
            "monitoring": false,
            "name": "web-server-1",
            "price_hourly": 0.00744,
            "price_monthly": 5,
            "private_networking": true,
            "region": "blr1",
            "resize_disk": true,
            "size": "s-1vcpu-1gb",
            "ssh_keys": [
              "28629460"
            ],
            "status": "active",
            "tags": null,
            "urn": "do:droplet:210465968",
            "user_data": null,
            "vcpus": 1,
            "volume_ids": [],
            "vpc_uuid": "7dd93351-0bbf-4197-b1f7-4ef38d7524af"
          },
          "private": "eyJzY2hlbWFfdmVyc2lvbiI6IjEifQ=="
        }
      ]
    }
  ]
}
